
Microsoft Visual Studio Solution File, Format Version 12.00
# Visual Studio Version 17
VisualStudioVersion = 17.10.34928.147
MinimumVisualStudioVersion = 10.0.40219.1
Project("{2150E333-8FDC-42A3-9474-1A3956D46DE8}") = "Services", "Services", "{6D3CFE75-D86E-4901-8BDB-877F14341527}"
EndProject
Project("{2150E333-8FDC-42A3-9474-1A3956D46DE8}") = "Catalog", "Catalog", "{D119FE88-DF33-4593-8907-08F6BCE336FB}"
EndProject
Project("{9A19103F-16F7-4668-BE54-9A1E7A4F7556}") = "Catalog.API", "Services\Catalog\Catalog.API\Catalog.API.csproj", "{DC9FE7D7-3A9D-4857-9109-42637A183CB7}"
EndProject
Project("{2150E333-8FDC-42A3-9474-1A3956D46DE8}") = "BuildingBlocks", "BuildingBlocks", "{6C4A2B6F-A231-448B-8C5A-A0B075E5E10F}"
EndProject
Project("{9A19103F-16F7-4668-BE54-9A1E7A4F7556}") = "BuildingBlocks", "BuidingBlocks\BuidingBlocks\BuildingBlocks.csproj", "{424788C3-A76B-40C5-98C7-966D7AB5EDC5}"
EndProject
Project("{E53339B2-1760-4266-BCC7-CA923CBCF16C}") = "docker-compose", "docker-compose.dcproj", "{F4E55121-72C5-422F-A3A2-E61CBC506BAD}"
EndProject
Project("{2150E333-8FDC-42A3-9474-1A3956D46DE8}") = "Basket", "Basket", "{9B94C738-E48B-4A7C-98E2-10F751156F97}"
EndProject
Project("{9A19103F-16F7-4668-BE54-9A1E7A4F7556}") = "Basket.API", "Services\Basket\Basket.API\Basket.API.csproj", "{1ADE8545-8FBB-458B-9E10-B88DB2E4675A}"
EndProject
Project("{2150E333-8FDC-42A3-9474-1A3956D46DE8}") = "Discount", "Discount", "{5A7440B3-8E5E-4F0A-AF5C-53104CA2EE07}"
EndProject
Project("{9A19103F-16F7-4668-BE54-9A1E7A4F7556}") = "Discount.Grpc", "services\Discount\Discount.Grpc\Discount.Grpc.csproj", "{30794210-FB9E-42D1-AF7C-79EE5458F1A7}"
EndProject
Project("{2150E333-8FDC-42A3-9474-1A3956D46DE8}") = "Ordering", "Ordering", "{B6CE009D-92F1-4CE9-9B4B-6B52C536B35F}"
EndProject
Project("{FAE04EC0-301F-11D3-BF4B-00C04F79EFBC}") = "Ordering.API", "Services\Ordering\Ordering.API\Ordering.API.csproj", "{7A025CEA-1424-4B48-8C43-0E914DA2C785}"
EndProject
Project("{FAE04EC0-301F-11D3-BF4B-00C04F79EFBC}") = "Ordering.Application", "Services\Ordering\Ordering.Application\Ordering.Application.csproj", "{216AB51B-1CBB-4434-930D-4BAB7403EBFD}"
EndProject
Project("{FAE04EC0-301F-11D3-BF4B-00C04F79EFBC}") = "Ordering.Domain", "Services\Ordering\Ordering.Domain\Ordering.Domain.csproj", "{44543EDD-AB32-4B2A-AAA3-EA4ADDBE3885}"
EndProject
Project("{FAE04EC0-301F-11D3-BF4B-00C04F79EFBC}") = "Ordering.Infrastructure", "Services\Ordering\Ordering.Infrastructure\Ordering.Infrastructure.csproj", "{25B5ABAD-15EB-49F0-96FE-01C8547F5D64}"
EndProject
Global
	GlobalSection(SolutionConfigurationPlatforms) = preSolution
		Debug|Any CPU = Debug|Any CPU
		Release|Any CPU = Release|Any CPU
	EndGlobalSection
	GlobalSection(ProjectConfigurationPlatforms) = postSolution
		{DC9FE7D7-3A9D-4857-9109-42637A183CB7}.Debug|Any CPU.ActiveCfg = Debug|Any CPU
		{DC9FE7D7-3A9D-4857-9109-42637A183CB7}.Debug|Any CPU.Build.0 = Debug|Any CPU
		{DC9FE7D7-3A9D-4857-9109-42637A183CB7}.Release|Any CPU.ActiveCfg = Release|Any CPU
		{DC9FE7D7-3A9D-4857-9109-42637A183CB7}.Release|Any CPU.Build.0 = Release|Any CPU
		{424788C3-A76B-40C5-98C7-966D7AB5EDC5}.Debug|Any CPU.ActiveCfg = Debug|Any CPU
		{424788C3-A76B-40C5-98C7-966D7AB5EDC5}.Debug|Any CPU.Build.0 = Debug|Any CPU
		{424788C3-A76B-40C5-98C7-966D7AB5EDC5}.Release|Any CPU.ActiveCfg = Release|Any CPU
		{424788C3-A76B-40C5-98C7-966D7AB5EDC5}.Release|Any CPU.Build.0 = Release|Any CPU
		{F4E55121-72C5-422F-A3A2-E61CBC506BAD}.Debug|Any CPU.ActiveCfg = Debug|Any CPU
		{F4E55121-72C5-422F-A3A2-E61CBC506BAD}.Debug|Any CPU.Build.0 = Debug|Any CPU
		{F4E55121-72C5-422F-A3A2-E61CBC506BAD}.Release|Any CPU.ActiveCfg = Release|Any CPU
		{F4E55121-72C5-422F-A3A2-E61CBC506BAD}.Release|Any CPU.Build.0 = Release|Any CPU
		{1ADE8545-8FBB-458B-9E10-B88DB2E4675A}.Debug|Any CPU.ActiveCfg = Debug|Any CPU
		{1ADE8545-8FBB-458B-9E10-B88DB2E4675A}.Debug|Any CPU.Build.0 = Debug|Any CPU
		{1ADE8545-8FBB-458B-9E10-B88DB2E4675A}.Release|Any CPU.ActiveCfg = Release|Any CPU
		{1ADE8545-8FBB-458B-9E10-B88DB2E4675A}.Release|Any CPU.Build.0 = Release|Any CPU
		{30794210-FB9E-42D1-AF7C-79EE5458F1A7}.Debug|Any CPU.ActiveCfg = Debug|Any CPU
		{30794210-FB9E-42D1-AF7C-79EE5458F1A7}.Debug|Any CPU.Build.0 = Debug|Any CPU
		{30794210-FB9E-42D1-AF7C-79EE5458F1A7}.Release|Any CPU.ActiveCfg = Release|Any CPU
		{30794210-FB9E-42D1-AF7C-79EE5458F1A7}.Release|Any CPU.Build.0 = Release|Any CPU
		{7A025CEA-1424-4B48-8C43-0E914DA2C785}.Debug|Any CPU.ActiveCfg = Debug|Any CPU
		{7A025CEA-1424-4B48-8C43-0E914DA2C785}.Debug|Any CPU.Build.0 = Debug|Any CPU
		{7A025CEA-1424-4B48-8C43-0E914DA2C785}.Release|Any CPU.ActiveCfg = Release|Any CPU
		{7A025CEA-1424-4B48-8C43-0E914DA2C785}.Release|Any CPU.Build.0 = Release|Any CPU
		{216AB51B-1CBB-4434-930D-4BAB7403EBFD}.Debug|Any CPU.ActiveCfg = Debug|Any CPU
		{216AB51B-1CBB-4434-930D-4BAB7403EBFD}.Debug|Any CPU.Build.0 = Debug|Any CPU
		{216AB51B-1CBB-4434-930D-4BAB7403EBFD}.Release|Any CPU.ActiveCfg = Release|Any CPU
		{216AB51B-1CBB-4434-930D-4BAB7403EBFD}.Release|Any CPU.Build.0 = Release|Any CPU
		{44543EDD-AB32-4B2A-AAA3-EA4ADDBE3885}.Debug|Any CPU.ActiveCfg = Debug|Any CPU
		{44543EDD-AB32-4B2A-AAA3-EA4ADDBE3885}.Debug|Any CPU.Build.0 = Debug|Any CPU
		{44543EDD-AB32-4B2A-AAA3-EA4ADDBE3885}.Release|Any CPU.ActiveCfg = Release|Any CPU
		{44543EDD-AB32-4B2A-AAA3-EA4ADDBE3885}.Release|Any CPU.Build.0 = Release|Any CPU
		{25B5ABAD-15EB-49F0-96FE-01C8547F5D64}.Debug|Any CPU.ActiveCfg = Debug|Any CPU
		{25B5ABAD-15EB-49F0-96FE-01C8547F5D64}.Debug|Any CPU.Build.0 = Debug|Any CPU
		{25B5ABAD-15EB-49F0-96FE-01C8547F5D64}.Release|Any CPU.ActiveCfg = Release|Any CPU
		{25B5ABAD-15EB-49F0-96FE-01C8547F5D64}.Release|Any CPU.Build.0 = Release|Any CPU
	EndGlobalSection
	GlobalSection(SolutionProperties) = preSolution
		HideSolutionNode = FALSE
	EndGlobalSection
	GlobalSection(NestedProjects) = preSolution
		{D119FE88-DF33-4593-8907-08F6BCE336FB} = {6D3CFE75-D86E-4901-8BDB-877F14341527}
		{DC9FE7D7-3A9D-4857-9109-42637A183CB7} = {D119FE88-DF33-4593-8907-08F6BCE336FB}
		{424788C3-A76B-40C5-98C7-966D7AB5EDC5} = {6C4A2B6F-A231-448B-8C5A-A0B075E5E10F}
		{9B94C738-E48B-4A7C-98E2-10F751156F97} = {6D3CFE75-D86E-4901-8BDB-877F14341527}
		{1ADE8545-8FBB-458B-9E10-B88DB2E4675A} = {9B94C738-E48B-4A7C-98E2-10F751156F97}
		{5A7440B3-8E5E-4F0A-AF5C-53104CA2EE07} = {6D3CFE75-D86E-4901-8BDB-877F14341527}
		{30794210-FB9E-42D1-AF7C-79EE5458F1A7} = {5A7440B3-8E5E-4F0A-AF5C-53104CA2EE07}
		{B6CE009D-92F1-4CE9-9B4B-6B52C536B35F} = {6D3CFE75-D86E-4901-8BDB-877F14341527}
		{7A025CEA-1424-4B48-8C43-0E914DA2C785} = {B6CE009D-92F1-4CE9-9B4B-6B52C536B35F}
		{216AB51B-1CBB-4434-930D-4BAB7403EBFD} = {B6CE009D-92F1-4CE9-9B4B-6B52C536B35F}
		{44543EDD-AB32-4B2A-AAA3-EA4ADDBE3885} = {B6CE009D-92F1-4CE9-9B4B-6B52C536B35F}
		{25B5ABAD-15EB-49F0-96FE-01C8547F5D64} = {B6CE009D-92F1-4CE9-9B4B-6B52C536B35F}
	EndGlobalSection
	GlobalSection(ExtensibilityGlobals) = postSolution
		SolutionGuid = {80CB03B8-3967-45EA-87C4-1BD97ADB18B6}
	EndGlobalSection
EndGlobal
